<?xml version="1.0" encoding="UTF-8"?>
<Project xmlns="http://schemas.microsoft.com/developer/msbuild/2003" ToolsVersion="4.0">
    <ItemGroup>
        <Filter Include="header">
            <UniqueIdentifier>{415C1213-FB29-46B8-A3DE-FFAD61B6CF79}</UniqueIdentifier>
            <Extensions>h;hpp</Extensions>
        </Filter>
        <Filter Include="resource">
            <UniqueIdentifier>{5FDD5A9A-CB64-4D1C-BB06-31805558147A}</UniqueIdentifier>
            <Extensions>hlsl;jpg;jpeg;png;wav;mp3;ico;dds;rc;obj</Extensions>
        </Filter>
        <Filter Include="source">
            <UniqueIdentifier>{D3B99942-ABDD-4076-BCC4-8AA53E8633F6}</UniqueIdentifier>
            <Extensions>cpp;c</Extensions>
        </Filter>
    </ItemGroup>
    <ItemGroup>
        <ClCompile Include="..\..\..\src\ShootEmUp\main.cpp">
            <Filter>source</Filter>
        </ClCompile>
        <ClCompile Include="..\..\..\src\ShootEmUp\pch.cpp">
            <Filter>source</Filter>
        </ClCompile>
        <ClInclude Include="..\..\..\src\ShootEmUp\main.h">
            <Filter>header</Filter>
        </ClInclude>
        <ClInclude Include="..\..\..\src\ShootEmUp\pch.h">
            <Filter>header</Filter>
        </ClInclude>
        <ClInclude Include="..\..\..\src\ShootEmUp\resource.h">
            <Filter>header</Filter>
        </ClInclude>
        <None Include="..\..\..\src\ShootEmUp\app.ico">
            <Filter>resource</Filter>
        </None>
        <None Include="..\..\..\src\ShootEmUp\app.rc">
            <Filter>resource</Filter>
        </None>
        <None Include="..\..\..\src\ShootEmUp\small.ico">
            <Filter>resource</Filter>
        </None>
    </ItemGroup>
</Project>
